
Microsoft Visual Studio Solution File, Format Version 12.00
# Visual Studio Version 17
VisualStudioVersion = 17.6.33829.357
MinimumVisualStudioVersion = 10.0.40219.1
Project("{FAE04EC0-301F-11D3-BF4B-00C04F79EFBC}") = "HospitalAppointmentSystem", "HospitalAppointmentSystem.csproj", "{718ADCE2-FA0B-43AA-AFEF-EF59B347CD7D}"
EndProject
Global
	GlobalSection(SolutionConfigurationPlatforms) = preSolution
		Debug|Any CPU = Debug|Any CPU
		Release|Any CPU = Release|Any CPU
	EndGlobalSection
	GlobalSection(ProjectConfigurationPlatforms) = postSolution
		{718ADCE2-FA0B-43AA-AFEF-EF59B347CD7D}.Debug|Any CPU.ActiveCfg = Debug|Any CPU
		{718ADCE2-FA0B-43AA-AFEF-EF59B347CD7D}.Debug|Any CPU.Build.0 = Debug|Any CPU
		{718ADCE2-FA0B-43AA-AFEF-EF59B347CD7D}.Release|Any CPU.ActiveCfg = Release|Any CPU
		{718ADCE2-FA0B-43AA-AFEF-EF59B347CD7D}.Release|Any CPU.Build.0 = Release|Any CPU
	EndGlobalSection
	GlobalSection(SolutionProperties) = preSolution
		HideSolutionNode = FALSE
	EndGlobalSection
	GlobalSection(ExtensibilityGlobals) = postSolution
		SolutionGuid = {00C39E57-91B4-426D-AE1D-AA1136B5C098}
	EndGlobalSection
EndGlobal
